{
  "name": "bot",
  "version": "1.0.0",
  "lockfileVersion": 3,
  "requires": true,
  "packages": {
    "": {
      "name": "bot",
      "version": "1.0.0",
      "license": "ISC",
      "dependencies": {
        "jenkins": "^1.1.0"
      }
    },
    "node_modules/jenkins": {
      "version": "1.1.0",
      "resolved": "https://registry.npmjs.org/jenkins/-/jenkins-1.1.0.tgz",
      "integrity": "sha512-oLiVMCt5pKp3N3br7P4Fknm5Qyu0katGc4WAhokFtPSE/waePCphK/XST9Fs/srrRY4VtN5wvI79r81fIjZkpg==",
      "license": "MIT",
      "dependencies": {
        "papi": "^1.1.0"
      }
    },
    "node_modules/papi": {
      "version": "1.1.2",
      "resolved": "https://registry.npmjs.org/papi/-/papi-1.1.2.tgz",
      "integrity": "sha512-cwM6pPpfAYgPe3EQi23SmB5J5s4XFS9lou9z63I5BbnMGmFaR8LAKvKboW7n1IUAKj76OtnyK0YU16JjnZrqVg==",
      "license": "MIT",
      "engines": {
        "node": ">=10.0.0"
      }
    }
  }
}
